// !$*UTF8*$!
{
	archiveVersion = 1;
	classes = {
	};
	objectVersion = 46;
	objects = {

/* Begin PBXBuildFile section */
		493C187E1ED2146800F71B60 /* AppDelegate.swift in Sources */ = {isa = PBXBuildFile; fileRef = 493C187D1ED2146800F71B60 /* AppDelegate.swift */; };
		493C18801ED2146800F71B60 /* CurrentLocationViewController.swift in Sources */ = {isa = PBXBuildFile; fileRef = 493C187F1ED2146800F71B60 /* CurrentLocationViewController.swift */; };
		493C18821ED2146800F71B60 /* SecondViewController.swift in Sources */ = {isa = PBXBuildFile; fileRef = 493C18811ED2146800F71B60 /* SecondViewController.swift */; };
		493C18851ED2146800F71B60 /* Main.storyboard in Resources */ = {isa = PBXBuildFile; fileRef = 493C18831ED2146800F71B60 /* Main.storyboard */; };
		493C18871ED2146800F71B60 /* Assets.xcassets in Resources */ = {isa = PBXBuildFile; fileRef = 493C18861ED2146800F71B60 /* Assets.xcassets */; };
		493C188A1ED2146800F71B60 /* LaunchScreen.storyboard in Resources */ = {isa = PBXBuildFile; fileRef = 493C18881ED2146800F71B60 /* LaunchScreen.storyboard */; };
		842112081EEB23D400623777 /* CategoryPickerViewController.swift in Sources */ = {isa = PBXBuildFile; fileRef = 842112071EEB23D400623777 /* CategoryPickerViewController.swift */; };
		8421120A1EEBE6B400623777 /* HudView.swift in Sources */ = {isa = PBXBuildFile; fileRef = 842112091EEBE6B400623777 /* HudView.swift */; };
		8421120C1EEC05EA00623777 /* Functions.swift in Sources */ = {isa = PBXBuildFile; fileRef = 8421120B1EEC05EA00623777 /* Functions.swift */; };
		846073131EE48309007EBAC4 /* LocationDetailsViewController.swift in Sources */ = {isa = PBXBuildFile; fileRef = 846073121EE48309007EBAC4 /* LocationDetailsViewController.swift */; };
		8478B6791F02D68E007EBEF9 /* MapKit.framework in Frameworks */ = {isa = PBXBuildFile; fileRef = 8478B6781F02D68E007EBEF9 /* MapKit.framework */; };
		8478B67B1F02D7AA007EBEF9 /* MapViewController.swift in Sources */ = {isa = PBXBuildFile; fileRef = 8478B67A1F02D7AA007EBEF9 /* MapViewController.swift */; };
		84B8477D1EFFAF9000423FB9 /* DataModel.xcdatamodeld in Sources */ = {isa = PBXBuildFile; fileRef = 84B8477B1EFFAF9000423FB9 /* DataModel.xcdatamodeld */; };
		84B847801EFFB62E00423FB9 /* Location+CoreDataClass.swift in Sources */ = {isa = PBXBuildFile; fileRef = 84B8477E1EFFB62E00423FB9 /* Location+CoreDataClass.swift */; };
		84B847811EFFB62E00423FB9 /* Location+CoreDataProperties.swift in Sources */ = {isa = PBXBuildFile; fileRef = 84B8477F1EFFB62E00423FB9 /* Location+CoreDataProperties.swift */; };
		84B847831EFFEC7B00423FB9 /* LocationsViewController.swift in Sources */ = {isa = PBXBuildFile; fileRef = 84B847821EFFEC7B00423FB9 /* LocationsViewController.swift */; };
		84B847871F00067700423FB9 /* LocationCell.swift in Sources */ = {isa = PBXBuildFile; fileRef = 84B847861F00067700423FB9 /* LocationCell.swift */; };
/* End PBXBuildFile section */

/* Begin PBXFileReference section */
		493C187A1ED2146800F71B60 /* MyLocations.app */ = {isa = PBXFileReference; explicitFileType = wrapper.application; includeInIndex = 0; path = MyLocations.app; sourceTree = BUILT_PRODUCTS_DIR; };
		493C187D1ED2146800F71B60 /* AppDelegate.swift */ = {isa = PBXFileReference; lastKnownFileType = sourcecode.swift; path = AppDelegate.swift; sourceTree = "<group>"; };
		493C187F1ED2146800F71B60 /* CurrentLocationViewController.swift */ = {isa = PBXFileReference; lastKnownFileType = sourcecode.swift; path = CurrentLocationViewController.swift; sourceTree = "<group>"; };
		493C18811ED2146800F71B60 /* SecondViewController.swift */ = {isa = PBXFileReference; lastKnownFileType = sourcecode.swift; path = SecondViewController.swift; sourceTree = "<group>"; };
		493C18841ED2146800F71B60 /* Base */ = {isa = PBXFileReference; lastKnownFileType = file.storyboard; name = Base; path = Base.lproj/Main.storyboard; sourceTree = "<group>"; };
		493C18861ED2146800F71B60 /* Assets.xcassets */ = {isa = PBXFileReference; lastKnownFileType = folder.assetcatalog; path = Assets.xcassets; sourceTree = "<group>"; };
		493C18891ED2146800F71B60 /* Base */ = {isa = PBXFileReference; lastKnownFileType = file.storyboard; name = Base; path = Base.lproj/LaunchScreen.storyboard; sourceTree = "<group>"; };
		493C188B1ED2146800F71B60 /* Info.plist */ = {isa = PBXFileReference; lastKnownFileType = text.plist.xml; path = Info.plist; sourceTree = "<group>"; };
		842112071EEB23D400623777 /* CategoryPickerViewController.swift */ = {isa = PBXFileReference; fileEncoding = 4; lastKnownFileType = sourcecode.swift; path = CategoryPickerViewController.swift; sourceTree = "<group>"; };
		842112091EEBE6B400623777 /* HudView.swift */ = {isa = PBXFileReference; fileEncoding = 4; lastKnownFileType = sourcecode.swift; path = HudView.swift; sourceTree = "<group>"; };
		8421120B1EEC05EA00623777 /* Functions.swift */ = {isa = PBXFileReference; fileEncoding = 4; lastKnownFileType = sourcecode.swift; path = Functions.swift; sourceTree = "<group>"; };
		846073121EE48309007EBAC4 /* LocationDetailsViewController.swift */ = {isa = PBXFileReference; fileEncoding = 4; lastKnownFileType = sourcecode.swift; path = LocationDetailsViewController.swift; sourceTree = "<group>"; };
		8478B6781F02D68E007EBEF9 /* MapKit.framework */ = {isa = PBXFileReference; lastKnownFileType = wrapper.framework; name = MapKit.framework; path = System/Library/Frameworks/MapKit.framework; sourceTree = SDKROOT; };
		8478B67A1F02D7AA007EBEF9 /* MapViewController.swift */ = {isa = PBXFileReference; fileEncoding = 4; lastKnownFileType = sourcecode.swift; path = MapViewController.swift; sourceTree = "<group>"; };
		84B8477C1EFFAF9000423FB9 /* DataModel.xcdatamodel */ = {isa = PBXFileReference; lastKnownFileType = wrapper.xcdatamodel; path = DataModel.xcdatamodel; sourceTree = "<group>"; };
		84B8477E1EFFB62E00423FB9 /* Location+CoreDataClass.swift */ = {isa = PBXFileReference; fileEncoding = 4; lastKnownFileType = sourcecode.swift; path = "Location+CoreDataClass.swift"; sourceTree = "<group>"; };
		84B8477F1EFFB62E00423FB9 /* Location+CoreDataProperties.swift */ = {isa = PBXFileReference; fileEncoding = 4; lastKnownFileType = sourcecode.swift; path = "Location+CoreDataProperties.swift"; sourceTree = "<group>"; };
		84B847821EFFEC7B00423FB9 /* LocationsViewController.swift */ = {isa = PBXFileReference; fileEncoding = 4; lastKnownFileType = sourcecode.swift; path = LocationsViewController.swift; sourceTree = "<group>"; };
		84B847861F00067700423FB9 /* LocationCell.swift */ = {isa = PBXFileReference; fileEncoding = 4; lastKnownFileType = sourcecode.swift; path = LocationCell.swift; sourceTree = "<group>"; };
/* End PBXFileReference section */

/* Begin PBXFrameworksBuildPhase section */
		493C18771ED2146800F71B60 /* Frameworks */ = {
			isa = PBXFrameworksBuildPhase;
			buildActionMask = 2147483647;
			files = (
				8478B6791F02D68E007EBEF9 /* MapKit.framework in Frameworks */,
			);
			runOnlyForDeploymentPostprocessing = 0;
		};
/* End PBXFrameworksBuildPhase section */

/* Begin PBXGroup section */
		493C18711ED2146800F71B60 = {
			isa = PBXGroup;
			children = (
				493C187C1ED2146800F71B60 /* MyLocations */,
				493C187B1ED2146800F71B60 /* Products */,
				8478B6771F02D68E007EBEF9 /* Frameworks */,
			);
			sourceTree = "<group>";
		};
		493C187B1ED2146800F71B60 /* Products */ = {
			isa = PBXGroup;
			children = (
				493C187A1ED2146800F71B60 /* MyLocations.app */,
			);
			name = Products;
			sourceTree = "<group>";
		};
		493C187C1ED2146800F71B60 /* MyLocations */ = {
			isa = PBXGroup;
			children = (
				493C187D1ED2146800F71B60 /* AppDelegate.swift */,
				493C18861ED2146800F71B60 /* Assets.xcassets */,
				842112071EEB23D400623777 /* CategoryPickerViewController.swift */,
				493C187F1ED2146800F71B60 /* CurrentLocationViewController.swift */,
				84B8477B1EFFAF9000423FB9 /* DataModel.xcdatamodeld */,
				8421120B1EEC05EA00623777 /* Functions.swift */,
				842112091EEBE6B400623777 /* HudView.swift */,
				493C188B1ED2146800F71B60 /* Info.plist */,
				493C18881ED2146800F71B60 /* LaunchScreen.storyboard */,
				84B8477E1EFFB62E00423FB9 /* Location+CoreDataClass.swift */,
				84B8477F1EFFB62E00423FB9 /* Location+CoreDataProperties.swift */,
				84B847861F00067700423FB9 /* LocationCell.swift */,
				846073121EE48309007EBAC4 /* LocationDetailsViewController.swift */,
				84B847821EFFEC7B00423FB9 /* LocationsViewController.swift */,
				493C18831ED2146800F71B60 /* Main.storyboard */,
				8478B67A1F02D7AA007EBEF9 /* MapViewController.swift */,
				493C18811ED2146800F71B60 /* SecondViewController.swift */,
			);
			path = MyLocations;
			sourceTree = "<group>";
		};
		8478B6771F02D68E007EBEF9 /* Frameworks */ = {
			isa = PBXGroup;
			children = (
				8478B6781F02D68E007EBEF9 /* MapKit.framework */,
			);
			name = Frameworks;
			sourceTree = "<group>";
		};
/* End PBXGroup section */

/* Begin PBXNativeTarget section */
		493C18791ED2146800F71B60 /* MyLocations */ = {
			isa = PBXNativeTarget;
			buildConfigurationList = 493C188E1ED2146800F71B60 /* Build configuration list for PBXNativeTarget "MyLocations" */;
			buildPhases = (
				493C18761ED2146800F71B60 /* Sources */,
				493C18771ED2146800F71B60 /* Frameworks */,
				493C18781ED2146800F71B60 /* Resources */,
			);
			buildRules = (
			);
			dependencies = (
			);
			name = MyLocations;
			productName = MyLocations;
			productReference = 493C187A1ED2146800F71B60 /* MyLocations.app */;
			productType = "com.apple.product-type.application";
		};
/* End PBXNativeTarget section */

/* Begin PBXProject section */
		493C18721ED2146800F71B60 /* Project object */ = {
			isa = PBXProject;
			attributes = {
				LastSwiftUpdateCheck = 0830;
				LastUpgradeCheck = 0830;
				ORGANIZATIONNAME = "Michael Antonelli";
				TargetAttributes = {
					493C18791ED2146800F71B60 = {
						CreatedOnToolsVersion = 8.3.1;
						DevelopmentTeam = 4NS5L7XDWJ;
						ProvisioningStyle = Automatic;
						SystemCapabilities = {
							com.apple.Maps.iOS = {
								enabled = 1;
							};
						};
					};
				};
			};
			buildConfigurationList = 493C18751ED2146800F71B60 /* Build configuration list for PBXProject "MyLocations" */;
			compatibilityVersion = "Xcode 3.2";
			developmentRegion = English;
			hasScannedForEncodings = 0;
			knownRegions = (
				en,
				Base,
			);
			mainGroup = 493C18711ED2146800F71B60;
			productRefGroup = 493C187B1ED2146800F71B60 /* Products */;
			projectDirPath = "";
			projectRoot = "";
			targets = (
				493C18791ED2146800F71B60 /* MyLocations */,
			);
		};
/* End PBXProject section */

/* Begin PBXResourcesBuildPhase section */
		493C18781ED2146800F71B60 /* Resources */ = {
			isa = PBXResourcesBuildPhase;
			buildActionMask = 2147483647;
			files = (
				493C188A1ED2146800F71B60 /* LaunchScreen.storyboard in Resources */,
				493C18871ED2146800F71B60 /* Assets.xcassets in Resources */,
				493C18851ED2146800F71B60 /* Main.storyboard in Resources */,
			);
			runOnlyForDeploymentPostprocessing = 0;
		};
/* End PBXResourcesBuildPhase section */

/* Begin PBXSourcesBuildPhase section */
		493C18761ED2146800F71B60 /* Sources */ = {
			isa = PBXSourcesBuildPhase;
			buildActionMask = 2147483647;
			files = (
				846073131EE48309007EBAC4 /* LocationDetailsViewController.swift in Sources */,
				84B8477D1EFFAF9000423FB9 /* DataModel.xcdatamodeld in Sources */,
				493C18821ED2146800F71B60 /* SecondViewController.swift in Sources */,
				8421120A1EEBE6B400623777 /* HudView.swift in Sources */,
				84B847831EFFEC7B00423FB9 /* LocationsViewController.swift in Sources */,
				84B847811EFFB62E00423FB9 /* Location+CoreDataProperties.swift in Sources */,
				8478B67B1F02D7AA007EBEF9 /* MapViewController.swift in Sources */,
				84B847871F00067700423FB9 /* LocationCell.swift in Sources */,
				8421120C1EEC05EA00623777 /* Functions.swift in Sources */,
				493C187E1ED2146800F71B60 /* AppDelegate.swift in Sources */,
				84B847801EFFB62E00423FB9 /* Location+CoreDataClass.swift in Sources */,
				842112081EEB23D400623777 /* CategoryPickerViewController.swift in Sources */,
				493C18801ED2146800F71B60 /* CurrentLocationViewController.swift in Sources */,
			);
			runOnlyForDeploymentPostprocessing = 0;
		};
/* End PBXSourcesBuildPhase section */

/* Begin PBXVariantGroup section */
		493C18831ED2146800F71B60 /* Main.storyboard */ = {
			isa = PBXVariantGroup;
			children = (
				493C18841ED2146800F71B60 /* Base */,
			);
			name = Main.storyboard;
			sourceTree = "<group>";
		};
		493C18881ED2146800F71B60 /* LaunchScreen.storyboard */ = {
			isa = PBXVariantGroup;
			children = (
				493C18891ED2146800F71B60 /* Base */,
			);
			name = LaunchScreen.storyboard;
			sourceTree = "<group>";
		};
/* End PBXVariantGroup section */

/* Begin XCBuildConfiguration section */
		493C188C1ED2146800F71B60 /* Debug */ = {
			isa = XCBuildConfiguration;
			buildSettings = {
				ALWAYS_SEARCH_USER_PATHS = NO;
				CLANG_ANALYZER_NONNULL = YES;
				CLANG_ANALYZER_NUMBER_OBJECT_CONVERSION = YES_AGGRESSIVE;
				CLANG_CXX_LANGUAGE_STANDARD = "gnu++0x";
				CLANG_CXX_LIBRARY = "libc++";
				CLANG_ENABLE_MODULES = YES;
				CLANG_ENABLE_OBJC_ARC = YES;
				CLANG_WARN_BOOL_CONVERSION = YES;
				CLANG_WARN_CONSTANT_CONVERSION = YES;
				CLANG_WARN_DIRECT_OBJC_ISA_USAGE = YES_ERROR;
				CLANG_WARN_DOCUMENTATION_COMMENTS = YES;
				CLANG_WARN_EMPTY_BODY = YES;
				CLANG_WARN_ENUM_CONVERSION = YES;
				CLANG_WARN_INFINITE_RECURSION = YES;
				CLANG_WARN_INT_CONVERSION = YES;
				CLANG_WARN_OBJC_ROOT_CLASS = YES_ERROR;
				CLANG_WARN_SUSPICIOUS_MOVE = YES;
				CLANG_WARN_UNREACHABLE_CODE = YES;
				CLANG_WARN__DUPLICATE_METHOD_MATCH = YES;
				"CODE_SIGN_IDENTITY[sdk=iphoneos*]" = "iPhone Developer";
				COPY_PHASE_STRIP = NO;
				DEBUG_INFORMATION_FORMAT = dwarf;
				ENABLE_STRICT_OBJC_MSGSEND = YES;
				ENABLE_TESTABILITY = YES;
				GCC_C_LANGUAGE_STANDARD = gnu99;
				GCC_DYNAMIC_NO_PIC = NO;
				GCC_NO_COMMON_BLOCKS = YES;
				GCC_OPTIMIZATION_LEVEL = 0;
				GCC_PREPROCESSOR_DEFINITIONS = (
					"DEBUG=1",
					"$(inherited)",
				);
				GCC_WARN_64_TO_32_BIT_CONVERSION = YES;
				GCC_WARN_ABOUT_RETURN_TYPE = YES_ERROR;
				GCC_WARN_UNDECLARED_SELECTOR = YES;
				GCC_WARN_UNINITIALIZED_AUTOS = YES_AGGRESSIVE;
				GCC_WARN_UNUSED_FUNCTION = YES;
				GCC_WARN_UNUSED_VARIABLE = YES;
				IPHONEOS_DEPLOYMENT_TARGET = 10.3;
				MTL_ENABLE_DEBUG_INFO = YES;
				ONLY_ACTIVE_ARCH = YES;
				SDKROOT = iphoneos;
				SWIFT_ACTIVE_COMPILATION_CONDITIONS = DEBUG;
				SWIFT_OPTIMIZATION_LEVEL = "-Onone";
			};
			name = Debug;
		};
		493C188D1ED2146800F71B60 /* Release */ = {
			isa = XCBuildConfiguration;
			buildSettings = {
				ALWAYS_SEARCH_USER_PATHS = NO;
				CLANG_ANALYZER_NONNULL = YES;
				CLANG_ANALYZER_NUMBER_OBJECT_CONVERSION = YES_AGGRESSIVE;
				CLANG_CXX_LANGUAGE_STANDARD = "gnu++0x";
				CLANG_CXX_LIBRARY = "libc++";
				CLANG_ENABLE_MODULES = YES;
				CLANG_ENABLE_OBJC_ARC = YES;
				CLANG_WARN_BOOL_CONVERSION = YES;
				CLANG_WARN_CONSTANT_CONVERSION = YES;
				CLANG_WARN_DIRECT_OBJC_ISA_USAGE = YES_ERROR;
				CLANG_WARN_DOCUMENTATION_COMMENTS = YES;
				CLANG_WARN_EMPTY_BODY = YES;
				CLANG_WARN_ENUM_CONVERSION = YES;
				CLANG_WARN_INFINITE_RECURSION = YES;
				CLANG_WARN_INT_CONVERSION = YES;
				CLANG_WARN_OBJC_ROOT_CLASS = YES_ERROR;
				CLANG_WARN_SUSPICIOUS_MOVE = YES;
				CLANG_WARN_UNREACHABLE_CODE = YES;
				CLANG_WARN__DUPLICATE_METHOD_MATCH = YES;
				"CODE_SIGN_IDENTITY[sdk=iphoneos*]" = "iPhone Developer";
				COPY_PHASE_STRIP = NO;
				DEBUG_INFORMATION_FORMAT = "dwarf-with-dsym";
				ENABLE_NS_ASSERTIONS = NO;
				ENABLE_STRICT_OBJC_MSGSEND = YES;
				GCC_C_LANGUAGE_STANDARD = gnu99;
				GCC_NO_COMMON_BLOCKS = YES;
				GCC_WARN_64_TO_32_BIT_CONVERSION = YES;
				GCC_WARN_ABOUT_RETURN_TYPE = YES_ERROR;
				GCC_WARN_UNDECLARED_SELECTOR = YES;
				GCC_WARN_UNINITIALIZED_AUTOS = YES_AGGRESSIVE;
				GCC_WARN_UNUSED_FUNCTION = YES;
				GCC_WARN_UNUSED_VARIABLE = YES;
				IPHONEOS_DEPLOYMENT_TARGET = 10.3;
				MTL_ENABLE_DEBUG_INFO = NO;
				SDKROOT = iphoneos;
				SWIFT_OPTIMIZATION_LEVEL = "-Owholemodule";
				VALIDATE_PRODUCT = YES;
			};
			name = Release;
		};
		493C188F1ED2146800F71B60 /* Debug */ = {
			isa = XCBuildConfiguration;
			buildSettings = {
				ASSETCATALOG_COMPILER_APPICON_NAME = AppIcon;
				DEVELOPMENT_TEAM = 4NS5L7XDWJ;
				INFOPLIST_FILE = MyLocations/Info.plist;
				LD_RUNPATH_SEARCH_PATHS = "$(inherited) @executable_path/Frameworks";
				PRODUCT_BUNDLE_IDENTIFIER = com.doublethunder.MyLocations;
				PRODUCT_NAME = "$(TARGET_NAME)";
				SWIFT_VERSION = 3.0;
			};
			name = Debug;
		};
		493C18901ED2146800F71B60 /* Release */ = {
			isa = XCBuildConfiguration;
			buildSettings = {
				ASSETCATALOG_COMPILER_APPICON_NAME = AppIcon;
				DEVELOPMENT_TEAM = 4NS5L7XDWJ;
				INFOPLIST_FILE = MyLocations/Info.plist;
				LD_RUNPATH_SEARCH_PATHS = "$(inherited) @executable_path/Frameworks";
				PRODUCT_BUNDLE_IDENTIFIER = com.doublethunder.MyLocations;
				PRODUCT_NAME = "$(TARGET_NAME)";
				SWIFT_VERSION = 3.0;
			};
			name = Release;
		};
/* End XCBuildConfiguration section */

/* Begin XCConfigurationList section */
		493C18751ED2146800F71B60 /* Build configuration list for PBXProject "MyLocations" */ = {
			isa = XCConfigurationList;
			buildConfigurations = (
				493C188C1ED2146800F71B60 /* Debug */,
				493C188D1ED2146800F71B60 /* Release */,
			);
			defaultConfigurationIsVisible = 0;
			defaultConfigurationName = Release;
		};
		493C188E1ED2146800F71B60 /* Build configuration list for PBXNativeTarget "MyLocations" */ = {
			isa = XCConfigurationList;
			buildConfigurations = (
				493C188F1ED2146800F71B60 /* Debug */,
				493C18901ED2146800F71B60 /* Release */,
			);
			defaultConfigurationIsVisible = 0;
			defaultConfigurationName = Release;
		};
/* End XCConfigurationList section */

/* Begin XCVersionGroup section */
		84B8477B1EFFAF9000423FB9 /* DataModel.xcdatamodeld */ = {
			isa = XCVersionGroup;
			children = (
				84B8477C1EFFAF9000423FB9 /* DataModel.xcdatamodel */,
			);
			currentVersion = 84B8477C1EFFAF9000423FB9 /* DataModel.xcdatamodel */;
			path = DataModel.xcdatamodeld;
			sourceTree = "<group>";
			versionGroupType = wrapper.xcdatamodel;
		};
/* End XCVersionGroup section */
	};
	rootObject = 493C18721ED2146800F71B60 /* Project object */;
}
